
Microsoft Visual Studio Solution File, Format Version 12.00
# Visual Studio Version 16
VisualStudioVersion = 16.0.30907.101
MinimumVisualStudioVersion = 15.0.26124.0
Project("{FAE04EC0-301F-11D3-BF4B-00C04F79EFBC}") = "CheckDigitCalculationTool", "CheckDigitCalculationTool\CheckDigitCalculationTool.csproj", "{CFC6142C-89BB-400C-A8E8-7D563F3A8CFC}"
EndProject
Global
	GlobalSection(SolutionConfigurationPlatforms) = preSolution
		Debug|Any CPU = Debug|Any CPU
		Debug|x64 = Debug|x64
		Debug|x86 = Debug|x86
		Release|Any CPU = Release|Any CPU
		Release|x64 = Release|x64
		Release|x86 = Release|x86
	EndGlobalSection
	GlobalSection(ProjectConfigurationPlatforms) = postSolution
		{CFC6142C-89BB-400C-A8E8-7D563F3A8CFC}.Debug|Any CPU.ActiveCfg = Debug|Any CPU
		{CFC6142C-89BB-400C-A8E8-7D563F3A8CFC}.Debug|Any CPU.Build.0 = Debug|Any CPU
		{CFC6142C-89BB-400C-A8E8-7D563F3A8CFC}.Debug|x64.ActiveCfg = Debug|Any CPU
		{CFC6142C-89BB-400C-A8E8-7D563F3A8CFC}.Debug|x64.Build.0 = Debug|Any CPU
		{CFC6142C-89BB-400C-A8E8-7D563F3A8CFC}.Debug|x86.ActiveCfg = Debug|Any CPU
		{CFC6142C-89BB-400C-A8E8-7D563F3A8CFC}.Debug|x86.Build.0 = Debug|Any CPU
		{CFC6142C-89BB-400C-A8E8-7D563F3A8CFC}.Release|Any CPU.ActiveCfg = Release|Any CPU
		{CFC6142C-89BB-400C-A8E8-7D563F3A8CFC}.Release|Any CPU.Build.0 = Release|Any CPU
		{CFC6142C-89BB-400C-A8E8-7D563F3A8CFC}.Release|x64.ActiveCfg = Release|Any CPU
		{CFC6142C-89BB-400C-A8E8-7D563F3A8CFC}.Release|x64.Build.0 = Release|Any CPU
		{CFC6142C-89BB-400C-A8E8-7D563F3A8CFC}.Release|x86.ActiveCfg = Release|Any CPU
		{CFC6142C-89BB-400C-A8E8-7D563F3A8CFC}.Release|x86.Build.0 = Release|Any CPU
	EndGlobalSection
	GlobalSection(SolutionProperties) = preSolution
		HideSolutionNode = FALSE
	EndGlobalSection
	GlobalSection(ExtensibilityGlobals) = postSolution
		SolutionGuid = {ED5FB25D-7F76-4023-81C5-208272AA7AB2}
	EndGlobalSection
EndGlobal
